
Microsoft Visual Studio Solution File, Format Version 12.00
# Visual Studio Version 16
VisualStudioVersion = 16.0.31005.135
MinimumVisualStudioVersion = 10.0.40219.1
Project("{FAE04EC0-301F-11D3-BF4B-00C04F79EFBC}") = "EXCE CSHARP", "EXCE CSHARP\EXCE CSHARP.csproj", "{7FE53CDE-CC1E-41D1-B36D-594C7DE1EFEB}"
EndProject
Global
	GlobalSection(SolutionConfigurationPlatforms) = preSolution
		Debug|Any CPU = Debug|Any CPU
		Release|Any CPU = Release|Any CPU
	EndGlobalSection
	GlobalSection(ProjectConfigurationPlatforms) = postSolution
		{7FE53CDE-CC1E-41D1-B36D-594C7DE1EFEB}.Debug|Any CPU.ActiveCfg = Debug|Any CPU
		{7FE53CDE-CC1E-41D1-B36D-594C7DE1EFEB}.Debug|Any CPU.Build.0 = Debug|Any CPU
		{7FE53CDE-CC1E-41D1-B36D-594C7DE1EFEB}.Release|Any CPU.ActiveCfg = Release|Any CPU
		{7FE53CDE-CC1E-41D1-B36D-594C7DE1EFEB}.Release|Any CPU.Build.0 = Release|Any CPU
	EndGlobalSection
	GlobalSection(SolutionProperties) = preSolution
		HideSolutionNode = FALSE
	EndGlobalSection
	GlobalSection(ExtensibilityGlobals) = postSolution
		SolutionGuid = {B39EA550-2CB0-4CE5-A36B-B1928287F959}
	EndGlobalSection
EndGlobal
