
Microsoft Visual Studio Solution File, Format Version 12.00
# Visual Studio Version 16
VisualStudioVersion = 16.0.31005.135
MinimumVisualStudioVersion = 10.0.40219.1
Project("{FAE04EC0-301F-11D3-BF4B-00C04F79EFBC}") = "Construtores Sobrecarga Csharp", "Construtores Sobrecarga Csharp\Construtores Sobrecarga Csharp.csproj", "{92C9EEA2-5A74-4DF1-A43F-4AB82A579FBB}"
EndProject
Global
	GlobalSection(SolutionConfigurationPlatforms) = preSolution
		Debug|Any CPU = Debug|Any CPU
		Release|Any CPU = Release|Any CPU
	EndGlobalSection
	GlobalSection(ProjectConfigurationPlatforms) = postSolution
		{92C9EEA2-5A74-4DF1-A43F-4AB82A579FBB}.Debug|Any CPU.ActiveCfg = Debug|Any CPU
		{92C9EEA2-5A74-4DF1-A43F-4AB82A579FBB}.Debug|Any CPU.Build.0 = Debug|Any CPU
		{92C9EEA2-5A74-4DF1-A43F-4AB82A579FBB}.Release|Any CPU.ActiveCfg = Release|Any CPU
		{92C9EEA2-5A74-4DF1-A43F-4AB82A579FBB}.Release|Any CPU.Build.0 = Release|Any CPU
	EndGlobalSection
	GlobalSection(SolutionProperties) = preSolution
		HideSolutionNode = FALSE
	EndGlobalSection
	GlobalSection(ExtensibilityGlobals) = postSolution
		SolutionGuid = {E028A4D4-D66E-4304-8773-F94C847F4308}
	EndGlobalSection
EndGlobal
