
Microsoft Visual Studio Solution File, Format Version 12.00
# Visual Studio Version 16
VisualStudioVersion = 16.0.31005.135
MinimumVisualStudioVersion = 10.0.40219.1
Project("{FAE04EC0-301F-11D3-BF4B-00C04F79EFBC}") = "arquivos Csharp", "arquivos Csharp\arquivos Csharp.csproj", "{F5DD9BC6-2C1D-448D-A6D7-EFD09D9226A1}"
EndProject
Global
	GlobalSection(SolutionConfigurationPlatforms) = preSolution
		Debug|Any CPU = Debug|Any CPU
		Release|Any CPU = Release|Any CPU
	EndGlobalSection
	GlobalSection(ProjectConfigurationPlatforms) = postSolution
		{F5DD9BC6-2C1D-448D-A6D7-EFD09D9226A1}.Debug|Any CPU.ActiveCfg = Debug|Any CPU
		{F5DD9BC6-2C1D-448D-A6D7-EFD09D9226A1}.Debug|Any CPU.Build.0 = Debug|Any CPU
		{F5DD9BC6-2C1D-448D-A6D7-EFD09D9226A1}.Release|Any CPU.ActiveCfg = Release|Any CPU
		{F5DD9BC6-2C1D-448D-A6D7-EFD09D9226A1}.Release|Any CPU.Build.0 = Release|Any CPU
	EndGlobalSection
	GlobalSection(SolutionProperties) = preSolution
		HideSolutionNode = FALSE
	EndGlobalSection
	GlobalSection(ExtensibilityGlobals) = postSolution
		SolutionGuid = {AF4C4F98-A37C-46B3-817F-827A7F42CB0F}
	EndGlobalSection
EndGlobal
