
Microsoft Visual Studio Solution File, Format Version 12.00
# Visual Studio Version 16
VisualStudioVersion = 16.0.31005.135
MinimumVisualStudioVersion = 10.0.40219.1
Project("{FAE04EC0-301F-11D3-BF4B-00C04F79EFBC}") = "ConsoleApp1", "ConsoleApp1\ConsoleApp1.csproj", "{79378172-2E8E-42C9-B7F6-091D09F9B851}"
EndProject
Global
	GlobalSection(SolutionConfigurationPlatforms) = preSolution
		Debug|Any CPU = Debug|Any CPU
		Release|Any CPU = Release|Any CPU
	EndGlobalSection
	GlobalSection(ProjectConfigurationPlatforms) = postSolution
		{79378172-2E8E-42C9-B7F6-091D09F9B851}.Debug|Any CPU.ActiveCfg = Debug|Any CPU
		{79378172-2E8E-42C9-B7F6-091D09F9B851}.Debug|Any CPU.Build.0 = Debug|Any CPU
		{79378172-2E8E-42C9-B7F6-091D09F9B851}.Release|Any CPU.ActiveCfg = Release|Any CPU
		{79378172-2E8E-42C9-B7F6-091D09F9B851}.Release|Any CPU.Build.0 = Release|Any CPU
	EndGlobalSection
	GlobalSection(SolutionProperties) = preSolution
		HideSolutionNode = FALSE
	EndGlobalSection
	GlobalSection(ExtensibilityGlobals) = postSolution
		SolutionGuid = {1395EC7E-5FF4-4D2E-83B8-6F9A9CEB1853}
	EndGlobalSection
EndGlobal
