
Microsoft Visual Studio Solution File, Format Version 12.00
# Visual Studio Version 16
VisualStudioVersion = 16.0.31005.135
MinimumVisualStudioVersion = 10.0.40219.1
Project("{FAE04EC0-301F-11D3-BF4B-00C04F79EFBC}") = "Dictionary Csharp", "Dictionary Csharp\Dictionary Csharp.csproj", "{F642BC88-4CCC-4FF2-A36C-201EE141E409}"
EndProject
Global
	GlobalSection(SolutionConfigurationPlatforms) = preSolution
		Debug|Any CPU = Debug|Any CPU
		Release|Any CPU = Release|Any CPU
	EndGlobalSection
	GlobalSection(ProjectConfigurationPlatforms) = postSolution
		{F642BC88-4CCC-4FF2-A36C-201EE141E409}.Debug|Any CPU.ActiveCfg = Debug|Any CPU
		{F642BC88-4CCC-4FF2-A36C-201EE141E409}.Debug|Any CPU.Build.0 = Debug|Any CPU
		{F642BC88-4CCC-4FF2-A36C-201EE141E409}.Release|Any CPU.ActiveCfg = Release|Any CPU
		{F642BC88-4CCC-4FF2-A36C-201EE141E409}.Release|Any CPU.Build.0 = Release|Any CPU
	EndGlobalSection
	GlobalSection(SolutionProperties) = preSolution
		HideSolutionNode = FALSE
	EndGlobalSection
	GlobalSection(ExtensibilityGlobals) = postSolution
		SolutionGuid = {DFB0A68A-4D2B-4F1F-936B-B99D6C3A3D5A}
	EndGlobalSection
EndGlobal
