
Microsoft Visual Studio Solution File, Format Version 12.00
# Visual Studio Version 16
VisualStudioVersion = 16.0.31005.135
MinimumVisualStudioVersion = 10.0.40219.1
Project("{FAE04EC0-301F-11D3-BF4B-00C04F79EFBC}") = "Csharp Exe", "Csharp Exe\Csharp Exe.csproj", "{A8D6B3F9-B63A-4EB0-BEF9-9BD5D427A9A1}"
EndProject
Global
	GlobalSection(SolutionConfigurationPlatforms) = preSolution
		Debug|Any CPU = Debug|Any CPU
		Release|Any CPU = Release|Any CPU
	EndGlobalSection
	GlobalSection(ProjectConfigurationPlatforms) = postSolution
		{A8D6B3F9-B63A-4EB0-BEF9-9BD5D427A9A1}.Debug|Any CPU.ActiveCfg = Debug|Any CPU
		{A8D6B3F9-B63A-4EB0-BEF9-9BD5D427A9A1}.Debug|Any CPU.Build.0 = Debug|Any CPU
		{A8D6B3F9-B63A-4EB0-BEF9-9BD5D427A9A1}.Release|Any CPU.ActiveCfg = Release|Any CPU
		{A8D6B3F9-B63A-4EB0-BEF9-9BD5D427A9A1}.Release|Any CPU.Build.0 = Release|Any CPU
	EndGlobalSection
	GlobalSection(SolutionProperties) = preSolution
		HideSolutionNode = FALSE
	EndGlobalSection
	GlobalSection(ExtensibilityGlobals) = postSolution
		SolutionGuid = {68DC5F6A-C8FE-4772-A0E2-AC8E851407F4}
	EndGlobalSection
EndGlobal
